// !$*UTF8*$!
{
	archiveVersion = 1;
	classes = {
	};
	objectVersion = 46;
	objects = {

/* Begin PBXBuildFile section */
		CF40D6B51DD9986500900897 /* main.m in Sources */ = {isa = PBXBuildFile; fileRef = CF40D6B41DD9986500900897 /* main.m */; };
		CF40D6B81DD9986500900897 /* AppDelegate.m in Sources */ = {isa = PBXBuildFile; fileRef = CF40D6B71DD9986500900897 /* AppDelegate.m */; };
		CF40D6BB1DD9986500900897 /* ViewController.m in Sources */ = {isa = PBXBuildFile; fileRef = CF40D6BA1DD9986500900897 /* ViewController.m */; };
		CF40D6BE1DD9986500900897 /* Main.storyboard in Resources */ = {isa = PBXBuildFile; fileRef = CF40D6BC1DD9986500900897 /* Main.storyboard */; };
		CF40D6C01DD9986500900897 /* Assets.xcassets in Resources */ = {isa = PBXBuildFile; fileRef = CF40D6BF1DD9986500900897 /* Assets.xcassets */; };
		CF40D6C31DD9986500900897 /* LaunchScreen.storyboard in Resources */ = {isa = PBXBuildFile; fileRef = CF40D6C11DD9986500900897 /* LaunchScreen.storyboard */; };
		CF40D6CE1DD9986600900897 /* demoVideoEditingTests.m in Sources */ = {isa = PBXBuildFile; fileRef = CF40D6CD1DD9986600900897 /* demoVideoEditingTests.m */; };
		CF40D6D91DD9986600900897 /* demoVideoEditingUITests.m in Sources */ = {isa = PBXBuildFile; fileRef = CF40D6D81DD9986600900897 /* demoVideoEditingUITests.m */; };
		CF40D6E81DD99E8000900897 /* MobileCoreServices.framework in Frameworks */ = {isa = PBXBuildFile; fileRef = CF40D6E71DD99E8000900897 /* MobileCoreServices.framework */; };
		CF40D6EA1DD9A3C500900897 /* MediaPlayer.framework in Frameworks */ = {isa = PBXBuildFile; fileRef = CF40D6E91DD9A3C500900897 /* MediaPlayer.framework */; };
		CF40D6EC1DD9A5E500900897 /* AVKit.framework in Frameworks */ = {isa = PBXBuildFile; fileRef = CF40D6EB1DD9A5E500900897 /* AVKit.framework */; };
/* End PBXBuildFile section */

/* Begin PBXContainerItemProxy section */
		CF40D6CA1DD9986600900897 /* PBXContainerItemProxy */ = {
			isa = PBXContainerItemProxy;
			containerPortal = CF40D6A81DD9986500900897 /* Project object */;
			proxyType = 1;
			remoteGlobalIDString = CF40D6AF1DD9986500900897;
			remoteInfo = demoVideoEditing;
		};
		CF40D6D51DD9986600900897 /* PBXContainerItemProxy */ = {
			isa = PBXContainerItemProxy;
			containerPortal = CF40D6A81DD9986500900897 /* Project object */;
			proxyType = 1;
			remoteGlobalIDString = CF40D6AF1DD9986500900897;
			remoteInfo = demoVideoEditing;
		};
/* End PBXContainerItemProxy section */

/* Begin PBXFileReference section */
		CF40D6B01DD9986500900897 /* demoVideoEditing.app */ = {isa = PBXFileReference; explicitFileType = wrapper.application; includeInIndex = 0; path = demoVideoEditing.app; sourceTree = BUILT_PRODUCTS_DIR; };
		CF40D6B41DD9986500900897 /* main.m */ = {isa = PBXFileReference; lastKnownFileType = sourcecode.c.objc; path = main.m; sourceTree = "<group>"; };
		CF40D6B61DD9986500900897 /* AppDelegate.h */ = {isa = PBXFileReference; lastKnownFileType = sourcecode.c.h; path = AppDelegate.h; sourceTree = "<group>"; };
		CF40D6B71DD9986500900897 /* AppDelegate.m */ = {isa = PBXFileReference; lastKnownFileType = sourcecode.c.objc; path = AppDelegate.m; sourceTree = "<group>"; };
		CF40D6B91DD9986500900897 /* ViewController.h */ = {isa = PBXFileReference; lastKnownFileType = sourcecode.c.h; path = ViewController.h; sourceTree = "<group>"; };
		CF40D6BA1DD9986500900897 /* ViewController.m */ = {isa = PBXFileReference; lastKnownFileType = sourcecode.c.objc; path = ViewController.m; sourceTree = "<group>"; };
		CF40D6BD1DD9986500900897 /* Base */ = {isa = PBXFileReference; lastKnownFileType = file.storyboard; name = Base; path = Base.lproj/Main.storyboard; sourceTree = "<group>"; };
		CF40D6BF1DD9986500900897 /* Assets.xcassets */ = {isa = PBXFileReference; lastKnownFileType = folder.assetcatalog; path = Assets.xcassets; sourceTree = "<group>"; };
		CF40D6C21DD9986500900897 /* Base */ = {isa = PBXFileReference; lastKnownFileType = file.storyboard; name = Base; path = Base.lproj/LaunchScreen.storyboard; sourceTree = "<group>"; };
		CF40D6C41DD9986500900897 /* Info.plist */ = {isa = PBXFileReference; lastKnownFileType = text.plist.xml; path = Info.plist; sourceTree = "<group>"; };
		CF40D6C91DD9986600900897 /* demoVideoEditingTests.xctest */ = {isa = PBXFileReference; explicitFileType = wrapper.cfbundle; includeInIndex = 0; path = demoVideoEditingTests.xctest; sourceTree = BUILT_PRODUCTS_DIR; };
		CF40D6CD1DD9986600900897 /* demoVideoEditingTests.m */ = {isa = PBXFileReference; lastKnownFileType = sourcecode.c.objc; path = demoVideoEditingTests.m; sourceTree = "<group>"; };
		CF40D6CF1DD9986600900897 /* Info.plist */ = {isa = PBXFileReference; lastKnownFileType = text.plist.xml; path = Info.plist; sourceTree = "<group>"; };
		CF40D6D41DD9986600900897 /* demoVideoEditingUITests.xctest */ = {isa = PBXFileReference; explicitFileType = wrapper.cfbundle; includeInIndex = 0; path = demoVideoEditingUITests.xctest; sourceTree = BUILT_PRODUCTS_DIR; };
		CF40D6D81DD9986600900897 /* demoVideoEditingUITests.m */ = {isa = PBXFileReference; lastKnownFileType = sourcecode.c.objc; path = demoVideoEditingUITests.m; sourceTree = "<group>"; };
		CF40D6DA1DD9986600900897 /* Info.plist */ = {isa = PBXFileReference; lastKnownFileType = text.plist.xml; path = Info.plist; sourceTree = "<group>"; };
		CF40D6E71DD99E8000900897 /* MobileCoreServices.framework */ = {isa = PBXFileReference; lastKnownFileType = wrapper.framework; name = MobileCoreServices.framework; path = System/Library/Frameworks/MobileCoreServices.framework; sourceTree = SDKROOT; };
		CF40D6E91DD9A3C500900897 /* MediaPlayer.framework */ = {isa = PBXFileReference; lastKnownFileType = wrapper.framework; name = MediaPlayer.framework; path = System/Library/Frameworks/MediaPlayer.framework; sourceTree = SDKROOT; };
		CF40D6EB1DD9A5E500900897 /* AVKit.framework */ = {isa = PBXFileReference; lastKnownFileType = wrapper.framework; name = AVKit.framework; path = System/Library/Frameworks/AVKit.framework; sourceTree = SDKROOT; };
/* End PBXFileReference section */

/* Begin PBXFrameworksBuildPhase section */
		CF40D6AD1DD9986500900897 /* Frameworks */ = {
			isa = PBXFrameworksBuildPhase;
			buildActionMask = 2147483647;
			files = (
				CF40D6EC1DD9A5E500900897 /* AVKit.framework in Frameworks */,
				CF40D6EA1DD9A3C500900897 /* MediaPlayer.framework in Frameworks */,
				CF40D6E81DD99E8000900897 /* MobileCoreServices.framework in Frameworks */,
			);
			runOnlyForDeploymentPostprocessing = 0;
		};
		CF40D6C61DD9986600900897 /* Frameworks */ = {
			isa = PBXFrameworksBuildPhase;
			buildActionMask = 2147483647;
			files = (
			);
			runOnlyForDeploymentPostprocessing = 0;
		};
		CF40D6D11DD9986600900897 /* Frameworks */ = {
			isa = PBXFrameworksBuildPhase;
			buildActionMask = 2147483647;
			files = (
			);
			runOnlyForDeploymentPostprocessing = 0;
		};
/* End PBXFrameworksBuildPhase section */

/* Begin PBXGroup section */
		CF40D6A71DD9986500900897 = {
			isa = PBXGroup;
			children = (
				CF40D6B21DD9986500900897 /* demoVideoEditing */,
				CF40D6CC1DD9986600900897 /* demoVideoEditingTests */,
				CF40D6D71DD9986600900897 /* demoVideoEditingUITests */,
				CF40D6B11DD9986500900897 /* Products */,
				CF40D6E61DD99E8000900897 /* Frameworks */,
			);
			sourceTree = "<group>";
		};
		CF40D6B11DD9986500900897 /* Products */ = {
			isa = PBXGroup;
			children = (
				CF40D6B01DD9986500900897 /* demoVideoEditing.app */,
				CF40D6C91DD9986600900897 /* demoVideoEditingTests.xctest */,
				CF40D6D41DD9986600900897 /* demoVideoEditingUITests.xctest */,
			);
			name = Products;
			sourceTree = "<group>";
		};
		CF40D6B21DD9986500900897 /* demoVideoEditing */ = {
			isa = PBXGroup;
			children = (
				CF40D6B61DD9986500900897 /* AppDelegate.h */,
				CF40D6B71DD9986500900897 /* AppDelegate.m */,
				CF40D6B91DD9986500900897 /* ViewController.h */,
				CF40D6BA1DD9986500900897 /* ViewController.m */,
				CF40D6BC1DD9986500900897 /* Main.storyboard */,
				CF40D6BF1DD9986500900897 /* Assets.xcassets */,
				CF40D6C11DD9986500900897 /* LaunchScreen.storyboard */,
				CF40D6C41DD9986500900897 /* Info.plist */,
				CF40D6B31DD9986500900897 /* Supporting Files */,
			);
			path = demoVideoEditing;
			sourceTree = "<group>";
		};
		CF40D6B31DD9986500900897 /* Supporting Files */ = {
			isa = PBXGroup;
			children = (
				CF40D6B41DD9986500900897 /* main.m */,
			);
			name = "Supporting Files";
			sourceTree = "<group>";
		};
		CF40D6CC1DD9986600900897 /* demoVideoEditingTests */ = {
			isa = PBXGroup;
			children = (
				CF40D6CD1DD9986600900897 /* demoVideoEditingTests.m */,
				CF40D6CF1DD9986600900897 /* Info.plist */,
			);
			path = demoVideoEditingTests;
			sourceTree = "<group>";
		};
		CF40D6D71DD9986600900897 /* demoVideoEditingUITests */ = {
			isa = PBXGroup;
			children = (
				CF40D6D81DD9986600900897 /* demoVideoEditingUITests.m */,
				CF40D6DA1DD9986600900897 /* Info.plist */,
			);
			path = demoVideoEditingUITests;
			sourceTree = "<group>";
		};
		CF40D6E61DD99E8000900897 /* Frameworks */ = {
			isa = PBXGroup;
			children = (
				CF40D6EB1DD9A5E500900897 /* AVKit.framework */,
				CF40D6E91DD9A3C500900897 /* MediaPlayer.framework */,
				CF40D6E71DD99E8000900897 /* MobileCoreServices.framework */,
			);
			name = Frameworks;
			sourceTree = "<group>";
		};
/* End PBXGroup section */

/* Begin PBXNativeTarget section */
		CF40D6AF1DD9986500900897 /* demoVideoEditing */ = {
			isa = PBXNativeTarget;
			buildConfigurationList = CF40D6DD1DD9986600900897 /* Build configuration list for PBXNativeTarget "demoVideoEditing" */;
			buildPhases = (
				CF40D6AC1DD9986500900897 /* Sources */,
				CF40D6AD1DD9986500900897 /* Frameworks */,
				CF40D6AE1DD9986500900897 /* Resources */,
			);
			buildRules = (
			);
			dependencies = (
			);
			name = demoVideoEditing;
			productName = demoVideoEditing;
			productReference = CF40D6B01DD9986500900897 /* demoVideoEditing.app */;
			productType = "com.apple.product-type.application";
		};
		CF40D6C81DD9986600900897 /* demoVideoEditingTests */ = {
			isa = PBXNativeTarget;
			buildConfigurationList = CF40D6E01DD9986600900897 /* Build configuration list for PBXNativeTarget "demoVideoEditingTests" */;
			buildPhases = (
				CF40D6C51DD9986600900897 /* Sources */,
				CF40D6C61DD9986600900897 /* Frameworks */,
				CF40D6C71DD9986600900897 /* Resources */,
			);
			buildRules = (
			);
			dependencies = (
				CF40D6CB1DD9986600900897 /* PBXTargetDependency */,
			);
			name = demoVideoEditingTests;
			productName = demoVideoEditingTests;
			productReference = CF40D6C91DD9986600900897 /* demoVideoEditingTests.xctest */;
			productType = "com.apple.product-type.bundle.unit-test";
		};
		CF40D6D31DD9986600900897 /* demoVideoEditingUITests */ = {
			isa = PBXNativeTarget;
			buildConfigurationList = CF40D6E31DD9986600900897 /* Build configuration list for PBXNativeTarget "demoVideoEditingUITests" */;
			buildPhases = (
				CF40D6D01DD9986600900897 /* Sources */,
				CF40D6D11DD9986600900897 /* Frameworks */,
				CF40D6D21DD9986600900897 /* Resources */,
			);
			buildRules = (
			);
			dependencies = (
				CF40D6D61DD9986600900897 /* PBXTargetDependency */,
			);
			name = demoVideoEditingUITests;
			productName = demoVideoEditingUITests;
			productReference = CF40D6D41DD9986600900897 /* demoVideoEditingUITests.xctest */;
			productType = "com.apple.product-type.bundle.ui-testing";
		};
/* End PBXNativeTarget section */

/* Begin PBXProject section */
		CF40D6A81DD9986500900897 /* Project object */ = {
			isa = PBXProject;
			attributes = {
				LastUpgradeCheck = 0810;
				ORGANIZATIONNAME = "Moveo Apps";
				TargetAttributes = {
					CF40D6AF1DD9986500900897 = {
						CreatedOnToolsVersion = 8.1;
						DevelopmentTeam = 823P69D7TF;
						ProvisioningStyle = Manual;
					};
					CF40D6C81DD9986600900897 = {
						CreatedOnToolsVersion = 8.1;
						ProvisioningStyle = Automatic;
						TestTargetID = CF40D6AF1DD9986500900897;
					};
					CF40D6D31DD9986600900897 = {
						CreatedOnToolsVersion = 8.1;
						ProvisioningStyle = Automatic;
						TestTargetID = CF40D6AF1DD9986500900897;
					};
				};
			};
			buildConfigurationList = CF40D6AB1DD9986500900897 /* Build configuration list for PBXProject "demoVideoEditing" */;
			compatibilityVersion = "Xcode 3.2";
			developmentRegion = English;
			hasScannedForEncodings = 0;
			knownRegions = (
				en,
				Base,
			);
			mainGroup = CF40D6A71DD9986500900897;
			productRefGroup = CF40D6B11DD9986500900897 /* Products */;
			projectDirPath = "";
			projectRoot = "";
			targets = (
				CF40D6AF1DD9986500900897 /* demoVideoEditing */,
				CF40D6C81DD9986600900897 /* demoVideoEditingTests */,
				CF40D6D31DD9986600900897 /* demoVideoEditingUITests */,
			);
		};
/* End PBXProject section */

/* Begin PBXResourcesBuildPhase section */
		CF40D6AE1DD9986500900897 /* Resources */ = {
			isa = PBXResourcesBuildPhase;
			buildActionMask = 2147483647;
			files = (
				CF40D6C31DD9986500900897 /* LaunchScreen.storyboard in Resources */,
				CF40D6C01DD9986500900897 /* Assets.xcassets in Resources */,
				CF40D6BE1DD9986500900897 /* Main.storyboard in Resources */,
			);
			runOnlyForDeploymentPostprocessing = 0;
		};
		CF40D6C71DD9986600900897 /* Resources */ = {
			isa = PBXResourcesBuildPhase;
			buildActionMask = 2147483647;
			files = (
			);
			runOnlyForDeploymentPostprocessing = 0;
		};
		CF40D6D21DD9986600900897 /* Resources */ = {
			isa = PBXResourcesBuildPhase;
			buildActionMask = 2147483647;
			files = (
			);
			runOnlyForDeploymentPostprocessing = 0;
		};
/* End PBXResourcesBuildPhase section */

/* Begin PBXSourcesBuildPhase section */
		CF40D6AC1DD9986500900897 /* Sources */ = {
			isa = PBXSourcesBuildPhase;
			buildActionMask = 2147483647;
			files = (
				CF40D6BB1DD9986500900897 /* ViewController.m in Sources */,
				CF40D6B81DD9986500900897 /* AppDelegate.m in Sources */,
				CF40D6B51DD9986500900897 /* main.m in Sources */,
			);
			runOnlyForDeploymentPostprocessing = 0;
		};
		CF40D6C51DD9986600900897 /* Sources */ = {
			isa = PBXSourcesBuildPhase;
			buildActionMask = 2147483647;
			files = (
				CF40D6CE1DD9986600900897 /* demoVideoEditingTests.m in Sources */,
			);
			runOnlyForDeploymentPostprocessing = 0;
		};
		CF40D6D01DD9986600900897 /* Sources */ = {
			isa = PBXSourcesBuildPhase;
			buildActionMask = 2147483647;
			files = (
				CF40D6D91DD9986600900897 /* demoVideoEditingUITests.m in Sources */,
			);
			runOnlyForDeploymentPostprocessing = 0;
		};
/* End PBXSourcesBuildPhase section */

/* Begin PBXTargetDependency section */
		CF40D6CB1DD9986600900897 /* PBXTargetDependency */ = {
			isa = PBXTargetDependency;
			target = CF40D6AF1DD9986500900897 /* demoVideoEditing */;
			targetProxy = CF40D6CA1DD9986600900897 /* PBXContainerItemProxy */;
		};
		CF40D6D61DD9986600900897 /* PBXTargetDependency */ = {
			isa = PBXTargetDependency;
			target = CF40D6AF1DD9986500900897 /* demoVideoEditing */;
			targetProxy = CF40D6D51DD9986600900897 /* PBXContainerItemProxy */;
		};
/* End PBXTargetDependency section */

/* Begin PBXVariantGroup section */
		CF40D6BC1DD9986500900897 /* Main.storyboard */ = {
			isa = PBXVariantGroup;
			children = (
				CF40D6BD1DD9986500900897 /* Base */,
			);
			name = Main.storyboard;
			sourceTree = "<group>";
		};
		CF40D6C11DD9986500900897 /* LaunchScreen.storyboard */ = {
			isa = PBXVariantGroup;
			children = (
				CF40D6C21DD9986500900897 /* Base */,
			);
			name = LaunchScreen.storyboard;
			sourceTree = "<group>";
		};
/* End PBXVariantGroup section */

/* Begin XCBuildConfiguration section */
		CF40D6DB1DD9986600900897 /* Debug */ = {
			isa = XCBuildConfiguration;
			buildSettings = {
				ALWAYS_SEARCH_USER_PATHS = NO;
				CLANG_ANALYZER_NONNULL = YES;
				CLANG_CXX_LANGUAGE_STANDARD = "gnu++0x";
				CLANG_CXX_LIBRARY = "libc++";
				CLANG_ENABLE_MODULES = YES;
				CLANG_ENABLE_OBJC_ARC = YES;
				CLANG_WARN_BOOL_CONVERSION = YES;
				CLANG_WARN_CONSTANT_CONVERSION = YES;
				CLANG_WARN_DIRECT_OBJC_ISA_USAGE = YES_ERROR;
				CLANG_WARN_DOCUMENTATION_COMMENTS = YES;
				CLANG_WARN_EMPTY_BODY = YES;
				CLANG_WARN_ENUM_CONVERSION = YES;
				CLANG_WARN_INFINITE_RECURSION = YES;
				CLANG_WARN_INT_CONVERSION = YES;
				CLANG_WARN_OBJC_ROOT_CLASS = YES_ERROR;
				CLANG_WARN_SUSPICIOUS_MOVES = YES;
				CLANG_WARN_UNREACHABLE_CODE = YES;
				CLANG_WARN__DUPLICATE_METHOD_MATCH = YES;
				CODE_SIGN_IDENTITY = "iPhone Developer: Manish Dudharejia (76VLB8426S)";
				"CODE_SIGN_IDENTITY[sdk=iphoneos*]" = "iPhone Developer: Manish Dudharejia (76VLB8426S)";
				COPY_PHASE_STRIP = NO;
				DEBUG_ACTIVITY_MODE = "";
				"DEBUG_ACTIVITY_MODE[sdk=iphonesimulator*]" = disable;
				DEBUG_INFORMATION_FORMAT = dwarf;
				ENABLE_STRICT_OBJC_MSGSEND = YES;
				ENABLE_TESTABILITY = YES;
				GCC_C_LANGUAGE_STANDARD = gnu99;
				GCC_DYNAMIC_NO_PIC = NO;
				GCC_NO_COMMON_BLOCKS = YES;
				GCC_OPTIMIZATION_LEVEL = 0;
				GCC_PREPROCESSOR_DEFINITIONS = (
					"DEBUG=1",
					"$(inherited)",
				);
				GCC_WARN_64_TO_32_BIT_CONVERSION = YES;
				GCC_WARN_ABOUT_RETURN_TYPE = YES_ERROR;
				GCC_WARN_UNDECLARED_SELECTOR = YES;
				GCC_WARN_UNINITIALIZED_AUTOS = YES_AGGRESSIVE;
				GCC_WARN_UNUSED_FUNCTION = YES;
				GCC_WARN_UNUSED_VARIABLE = YES;
				IPHONEOS_DEPLOYMENT_TARGET = 9.0;
				MTL_ENABLE_DEBUG_INFO = YES;
				ONLY_ACTIVE_ARCH = YES;
				SDKROOT = iphoneos;
				TARGETED_DEVICE_FAMILY = "1,2";
			};
			name = Debug;
		};
		CF40D6DC1DD9986600900897 /* Release */ = {
			isa = XCBuildConfiguration;
			buildSettings = {
				ALWAYS_SEARCH_USER_PATHS = NO;
				CLANG_ANALYZER_NONNULL = YES;
				CLANG_CXX_LANGUAGE_STANDARD = "gnu++0x";
				CLANG_CXX_LIBRARY = "libc++";
				CLANG_ENABLE_MODULES = YES;
				CLANG_ENABLE_OBJC_ARC = YES;
				CLANG_WARN_BOOL_CONVERSION = YES;
				CLANG_WARN_CONSTANT_CONVERSION = YES;
				CLANG_WARN_DIRECT_OBJC_ISA_USAGE = YES_ERROR;
				CLANG_WARN_DOCUMENTATION_COMMENTS = YES;
				CLANG_WARN_EMPTY_BODY = YES;
				CLANG_WARN_ENUM_CONVERSION = YES;
				CLANG_WARN_INFINITE_RECURSION = YES;
				CLANG_WARN_INT_CONVERSION = YES;
				CLANG_WARN_OBJC_ROOT_CLASS = YES_ERROR;
				CLANG_WARN_SUSPICIOUS_MOVES = YES;
				CLANG_WARN_UNREACHABLE_CODE = YES;
				CLANG_WARN__DUPLICATE_METHOD_MATCH = YES;
				CODE_SIGN_IDENTITY = "iPhone Developer: Manish Dudharejia (76VLB8426S)";
				"CODE_SIGN_IDENTITY[sdk=iphoneos*]" = "iPhone Developer: Manish Dudharejia (76VLB8426S)";
				COPY_PHASE_STRIP = NO;
				DEBUG_ACTIVITY_MODE = "";
				DEBUG_INFORMATION_FORMAT = "dwarf-with-dsym";
				ENABLE_NS_ASSERTIONS = NO;
				ENABLE_STRICT_OBJC_MSGSEND = YES;
				GCC_C_LANGUAGE_STANDARD = gnu99;
				GCC_NO_COMMON_BLOCKS = YES;
				GCC_WARN_64_TO_32_BIT_CONVERSION = YES;
				GCC_WARN_ABOUT_RETURN_TYPE = YES_ERROR;
				GCC_WARN_UNDECLARED_SELECTOR = YES;
				GCC_WARN_UNINITIALIZED_AUTOS = YES_AGGRESSIVE;
				GCC_WARN_UNUSED_FUNCTION = YES;
				GCC_WARN_UNUSED_VARIABLE = YES;
				IPHONEOS_DEPLOYMENT_TARGET = 9.0;
				MTL_ENABLE_DEBUG_INFO = NO;
				SDKROOT = iphoneos;
				TARGETED_DEVICE_FAMILY = "1,2";
				VALIDATE_PRODUCT = YES;
			};
			name = Release;
		};
		CF40D6DE1DD9986600900897 /* Debug */ = {
			isa = XCBuildConfiguration;
			buildSettings = {
				ASSETCATALOG_COMPILER_APPICON_NAME = AppIcon;
				DEVELOPMENT_TEAM = 823P69D7TF;
				INFOPLIST_FILE = demoVideoEditing/Info.plist;
				IPHONEOS_DEPLOYMENT_TARGET = 9.0;
				LD_RUNPATH_SEARCH_PATHS = "$(inherited) @executable_path/Frameworks";
				PRODUCT_BUNDLE_IDENTIFIER = com.moveoapp.demoVideoEditing;
				PRODUCT_NAME = "$(TARGET_NAME)";
				PROVISIONING_PROFILE = "d30f89c5-2f99-4490-85f9-5eee05664963";
				PROVISIONING_PROFILE_SPECIFIER = "BCD WildCard Development";
			};
			name = Debug;
		};
		CF40D6DF1DD9986600900897 /* Release */ = {
			isa = XCBuildConfiguration;
			buildSettings = {
				ASSETCATALOG_COMPILER_APPICON_NAME = AppIcon;
				DEVELOPMENT_TEAM = 823P69D7TF;
				INFOPLIST_FILE = demoVideoEditing/Info.plist;
				IPHONEOS_DEPLOYMENT_TARGET = 9.0;
				LD_RUNPATH_SEARCH_PATHS = "$(inherited) @executable_path/Frameworks";
				PRODUCT_BUNDLE_IDENTIFIER = com.moveoapp.demoVideoEditing;
				PRODUCT_NAME = "$(TARGET_NAME)";
				PROVISIONING_PROFILE = "d30f89c5-2f99-4490-85f9-5eee05664963";
				PROVISIONING_PROFILE_SPECIFIER = "BCD WildCard Development";
			};
			name = Release;
		};
		CF40D6E11DD9986600900897 /* Debug */ = {
			isa = XCBuildConfiguration;
			buildSettings = {
				BUNDLE_LOADER = "$(TEST_HOST)";
				INFOPLIST_FILE = demoVideoEditingTests/Info.plist;
				LD_RUNPATH_SEARCH_PATHS = "$(inherited) @executable_path/Frameworks @loader_path/Frameworks";
				PRODUCT_BUNDLE_IDENTIFIER = com.moveoapps.demoVideoEditingTests;
				PRODUCT_NAME = "$(TARGET_NAME)";
				TEST_HOST = "$(BUILT_PRODUCTS_DIR)/demoVideoEditing.app/demoVideoEditing";
			};
			name = Debug;
		};
		CF40D6E21DD9986600900897 /* Release */ = {
			isa = XCBuildConfiguration;
			buildSettings = {
				BUNDLE_LOADER = "$(TEST_HOST)";
				INFOPLIST_FILE = demoVideoEditingTests/Info.plist;
				LD_RUNPATH_SEARCH_PATHS = "$(inherited) @executable_path/Frameworks @loader_path/Frameworks";
				PRODUCT_BUNDLE_IDENTIFIER = com.moveoapps.demoVideoEditingTests;
				PRODUCT_NAME = "$(TARGET_NAME)";
				TEST_HOST = "$(BUILT_PRODUCTS_DIR)/demoVideoEditing.app/demoVideoEditing";
			};
			name = Release;
		};
		CF40D6E41DD9986600900897 /* Debug */ = {
			isa = XCBuildConfiguration;
			buildSettings = {
				INFOPLIST_FILE = demoVideoEditingUITests/Info.plist;
				LD_RUNPATH_SEARCH_PATHS = "$(inherited) @executable_path/Frameworks @loader_path/Frameworks";
				PRODUCT_BUNDLE_IDENTIFIER = com.moveoapps.demoVideoEditingUITests;
				PRODUCT_NAME = "$(TARGET_NAME)";
				TEST_TARGET_NAME = demoVideoEditing;
			};
			name = Debug;
		};
		CF40D6E51DD9986600900897 /* Release */ = {
			isa = XCBuildConfiguration;
			buildSettings = {
				INFOPLIST_FILE = demoVideoEditingUITests/Info.plist;
				LD_RUNPATH_SEARCH_PATHS = "$(inherited) @executable_path/Frameworks @loader_path/Frameworks";
				PRODUCT_BUNDLE_IDENTIFIER = com.moveoapps.demoVideoEditingUITests;
				PRODUCT_NAME = "$(TARGET_NAME)";
				TEST_TARGET_NAME = demoVideoEditing;
			};
			name = Release;
		};
/* End XCBuildConfiguration section */

/* Begin XCConfigurationList section */
		CF40D6AB1DD9986500900897 /* Build configuration list for PBXProject "demoVideoEditing" */ = {
			isa = XCConfigurationList;
			buildConfigurations = (
				CF40D6DB1DD9986600900897 /* Debug */,
				CF40D6DC1DD9986600900897 /* Release */,
			);
			defaultConfigurationIsVisible = 0;
			defaultConfigurationName = Release;
		};
		CF40D6DD1DD9986600900897 /* Build configuration list for PBXNativeTarget "demoVideoEditing" */ = {
			isa = XCConfigurationList;
			buildConfigurations = (
				CF40D6DE1DD9986600900897 /* Debug */,
				CF40D6DF1DD9986600900897 /* Release */,
			);
			defaultConfigurationIsVisible = 0;
			defaultConfigurationName = Release;
		};
		CF40D6E01DD9986600900897 /* Build configuration list for PBXNativeTarget "demoVideoEditingTests" */ = {
			isa = XCConfigurationList;
			buildConfigurations = (
				CF40D6E11DD9986600900897 /* Debug */,
				CF40D6E21DD9986600900897 /* Release */,
			);
			defaultConfigurationIsVisible = 0;
			defaultConfigurationName = Release;
		};
		CF40D6E31DD9986600900897 /* Build configuration list for PBXNativeTarget "demoVideoEditingUITests" */ = {
			isa = XCConfigurationList;
			buildConfigurations = (
				CF40D6E41DD9986600900897 /* Debug */,
				CF40D6E51DD9986600900897 /* Release */,
			);
			defaultConfigurationIsVisible = 0;
			defaultConfigurationName = Release;
		};
/* End XCConfigurationList section */
	};
	rootObject = CF40D6A81DD9986500900897 /* Project object */;
}
